# THIS IS AN AUTOGENERATED FILE. DO NOT EDIT THIS FILE DIRECTLY.
# yarn lockfile v1


axios@^0.21.1:
  version "0.21.1"
  resolved "https://registry.yarnpkg.com/axios/-/axios-0.21.1.tgz#22563481962f4d6bde9a76d516ef0e5d3c09b2b8"
  integrity sha512-dKQiRHxGD9PPRIUNIWvZhPTPpl1rf/OxTYKsqKUDjBwYylTvV7SjSHJb9ratfyzM6wCdLCOYLzs73qpg5c4iGA==
  dependencies:
    follow-redirects "^1.10.0"

follow-redirects@^1.10.0:
  version "1.13.1"
  resolved "https://registry.yarnpkg.com/follow-redirects/-/follow-redirects-1.13.1.tgz#5f69b813376cee4fd0474a3aba835df04ab763b7"
  integrity sha512-SSG5xmZh1mkPGyKzjZP8zLjltIfpW32Y5QpdNJyjcfGxK3qo3NDDkZOZSFiGn1A6SclQxY9GzEwAHQ3dmYRWpg==

reero@^1.0.1:
  version "1.0.1"
  resolved "https://registry.yarnpkg.com/reero/-/reero-1.0.1.tgz#859e15f63312f9945c15aaeae1582e7c4cf5d5bf"
  integrity sha512-PaXoEAtoGGUqJHPAtBzAIMdjhhQdr/LM2a7bkH6EvO8LsGLlhVX1+MOL0J+9bouSycUurSvIUISRrL4aElBmkA==

websect@^1.1.2:
  version "1.1.2"
  resolved "https://registry.yarnpkg.com/websect/-/websect-1.1.2.tgz#30ea94dcb37b5e08d39bd7a80dab086e5c720871"
  integrity sha512-WwUW6fOBLtcRKWUdjBmvCIsA8drhhQSd6QjcZ6rlU9AJawajs4pjD8io6hDRH6m0Ew3IV2XeBAJpnq38U5lguw==
  dependencies:
    xmlhttprequest "^1.8.0"

xmlhttprequest@^1.8.0:
  version "1.8.0"
  resolved "https://registry.yarnpkg.com/xmlhttprequest/-/xmlhttprequest-1.8.0.tgz#67fe075c5c24fef39f9d65f5f7b7fe75171968fc"
  integrity sha1-Z/4HXFwk/vOfnWX197f+dRcZaPw=
